{
  "name": "@leopoldorezende/cool-testpacks",
  "version": "1.0.0",
  "lockfileVersion": 2,
  "requires": true,
  "packages": {
    "": {
      "name": "@leopoldorezende/cool-testpacks",
      "version": "1.0.0",
      "license": "ISC",
      "dependencies": {
        "@leopoldorezende/cool-testpacks": "^1.0.0"
      }
    },
    "node_modules/@leopoldorezende/cool-testpacks": {
      "version": "1.0.0",
      "resolved": "https://registry.npmjs.org/@leopoldorezende/cool-testpacks/-/cool-testpacks-1.0.0.tgz",
      "integrity": "sha512-VxzcZx4hc+MOUcPC5ODACJ011aONDSgGLQx0bTe1E77CRPnMdWBE2OJYNz7KmGy4O26o8ZYkegiPVJa6cc3tNw=="
    }
  },
  "dependencies": {
    "@leopoldorezende/cool-testpacks": {
      "version": "1.0.0",
      "resolved": "https://registry.npmjs.org/@leopoldorezende/cool-testpacks/-/cool-testpacks-1.0.0.tgz",
      "integrity": "sha512-VxzcZx4hc+MOUcPC5ODACJ011aONDSgGLQx0bTe1E77CRPnMdWBE2OJYNz7KmGy4O26o8ZYkegiPVJa6cc3tNw=="
    }
  }
}
